
Microsoft Visual Studio Solution File, Format Version 12.00
Project("{FAE04EC0-301F-11D3-BF4B-00C04F79EFBC}") = "kolokwium2F", "kolokwium2F\kolokwium2F.csproj", "{4B3C0CE9-5923-4B12-AC6E-C70401EA702A}"
EndProject
Global
	GlobalSection(SolutionConfigurationPlatforms) = preSolution
		Debug|Any CPU = Debug|Any CPU
		Release|Any CPU = Release|Any CPU
	EndGlobalSection
	GlobalSection(ProjectConfigurationPlatforms) = postSolution
		{4B3C0CE9-5923-4B12-AC6E-C70401EA702A}.Debug|Any CPU.ActiveCfg = Debug|Any CPU
		{4B3C0CE9-5923-4B12-AC6E-C70401EA702A}.Debug|Any CPU.Build.0 = Debug|Any CPU
		{4B3C0CE9-5923-4B12-AC6E-C70401EA702A}.Release|Any CPU.ActiveCfg = Release|Any CPU
		{4B3C0CE9-5923-4B12-AC6E-C70401EA702A}.Release|Any CPU.Build.0 = Release|Any CPU
	EndGlobalSection
EndGlobal
